
Microsoft Visual Studio Solution File, Format Version 12.00
# Visual Studio Version 17
VisualStudioVersion = 17.3.32929.385
MinimumVisualStudioVersion = 10.0.40219.1
Project("{FAE04EC0-301F-11D3-BF4B-00C04F79EFBC}") = "LustClient", "LustClient\LustClient.csproj", "{0EA705B7-BB8F-4D0F-BBFC-9B3756F1901B}"
EndProject
Global
	GlobalSection(SolutionConfigurationPlatforms) = preSolution
		Debug|Any CPU = Debug|Any CPU
		Release|Any CPU = Release|Any CPU
	EndGlobalSection
	GlobalSection(ProjectConfigurationPlatforms) = postSolution
		{0EA705B7-BB8F-4D0F-BBFC-9B3756F1901B}.Debug|Any CPU.ActiveCfg = Debug|Any CPU
		{0EA705B7-BB8F-4D0F-BBFC-9B3756F1901B}.Debug|Any CPU.Build.0 = Debug|Any CPU
		{0EA705B7-BB8F-4D0F-BBFC-9B3756F1901B}.Release|Any CPU.ActiveCfg = Release|Any CPU
		{0EA705B7-BB8F-4D0F-BBFC-9B3756F1901B}.Release|Any CPU.Build.0 = Release|Any CPU
	EndGlobalSection
	GlobalSection(SolutionProperties) = preSolution
		HideSolutionNode = FALSE
	EndGlobalSection
	GlobalSection(ExtensibilityGlobals) = postSolution
		SolutionGuid = {C4E62BA7-4F2F-4C50-BCA7-0C0B6A2A76A0}
	EndGlobalSection
EndGlobal
